<?xml version="1.0" encoding="utf-8"?>
<Project ToolsVersion="4.0" xmlns="http://schemas.microsoft.com/developer/msbuild/2003">
  <ItemGroup>
    <Filter Include="ソース ファイル">
      <UniqueIdentifier>{4FC737F1-C7A5-4376-A066-2A32D752A2FF}</UniqueIdentifier>
    </Filter>
    </ItemGroup>

  <ItemGroup>
    <None Include="Engine\Graphics\Shaders\Obj3D\Object3d.hlsli">
      <Filter>Resources\shader\Obj3D</Filter>
    </None>
    <None Include="Engine\Graphics\Shaders\Particle\Particle.hlsli">
      <Filter>Resources\shader\Particle</Filter>
    </None>
    <FxCompile Include="Engine\Graphics\Shaders\Sprite\Sprite.PS.hlsl">
      <Filter>Resources\shader\Sprite</Filter>
    </FxCompile>
    <None Include="Engine\Graphics\Shaders\Skybox\Skybox.hlsli">
      <Filter>Resources\shader\Skybox</Filter>
    </None>
    <None Include="Engine\Graphics\Shaders\PostProcess\PostProcess.hlsli">
      <Filter>Resources\shader\PostEffect</Filter>
    </None>
  </ItemGroup>

  <ItemGroup>
    <FxCompile Include="Engine\Graphics\Shaders\Obj3D\Object3d.PS.hlsl">
      <Filter>Resources\shader\Obj3D</Filter>
    </FxCompile>
    <FxCompile Include="Engine\Graphics\Shaders\Obj3D\Object3d.VS.hlsl">
      <Filter>Resources\shader\Obj3D</Filter>
    </FxCompile>
    <FxCompile Include="Engine\Graphics\Shaders\Particle\Particle.VS.hlsl">
      <Filter>Resources\shader\Particle</Filter>
    </FxCompile>
    <FxCompile Include="Engine\Graphics\Shaders\Particle\Particle.PS.hlsl">
      <Filter>Resources\shader\Particle</Filter>
    </FxCompile>
    <FxCompile Include="Engine\Graphics\Shaders\Sprite\Sprite.VS.hlsl">
      <Filter>Resources\shader\Sprite</Filter>
    </FxCompile>
    <FxCompile Include="Engine\Graphics\Shaders\Skybox\Skybox.PS.hlsl">
      <Filter>Resources\shader\Skybox</Filter>
    </FxCompile>
    <FxCompile Include="Engine\Graphics\Shaders\Skybox\Skybox.VS.hlsl">
      <Filter>Resources\shader\Skybox</Filter>
    </FxCompile>
    <FxCompile Include="Engine\Graphics\Shaders\PostProcess\Boxfilter.PS.hlsl">
      <Filter>Resources\shader\PostEffect</Filter>
    </FxCompile>
    <FxCompile Include="Engine\Graphics\Shaders\PostProcess\DepthBasedOutline.PS.hlsl">
      <Filter>Resources\shader\PostEffect</Filter>
    </FxCompile>
    <FxCompile Include="Engine\Graphics\Shaders\PostProcess\Dissolve.PS.hlsl">
      <Filter>Resources\shader\PostEffect</Filter>
    </FxCompile>
    <FxCompile Include="Engine\Graphics\Shaders\PostProcess\GaussianBlur.PS.hlsl">
      <Filter>Resources\shader\PostEffect</Filter>
    </FxCompile>
    <FxCompile Include="Engine\Graphics\Shaders\PostProcess\Grayscale.PS.hlsl">
      <Filter>Resources\shader\PostEffect</Filter>
    </FxCompile>
    <FxCompile Include="Engine\Graphics\Shaders\PostProcess\LuminanceBasedOutline.PS.hlsl">
      <Filter>Resources\shader\PostEffect</Filter>
    </FxCompile>
    <FxCompile Include="Engine\Graphics\Shaders\PostProcess\PostProcess.PS.hlsl">
      <Filter>Resources\shader\PostEffect</Filter>
    </FxCompile>
    <FxCompile Include="Engine\Graphics\Shaders\PostProcess\PostProcess.VS.hlsl">
      <Filter>Resources\shader\PostEffect</Filter>
    </FxCompile>
    <FxCompile Include="Engine\Graphics\Shaders\PostProcess\RadialBlur.PS.hlsl">
      <Filter>Resources\shader\PostEffect</Filter>
    </FxCompile>
    <FxCompile Include="Engine\Graphics\Shaders\PostProcess\Random.PS.hlsl">
      <Filter>Resources\shader\PostEffect</Filter>
    </FxCompile>
    <FxCompile Include="Engine\Graphics\Shaders\PostProcess\Vignette.PS.hlsl">
      <Filter>Resources\shader\PostEffect</Filter>
    </FxCompile>
    <FxCompile Include="Engine\Graphics\Shaders\Obj3D\SkinningObject3d.VS.hlsl">
      <Filter>Resources\shader\Obj3D</Filter>
    </FxCompile>
    <FxCompile Include="Engine\Graphics\Shaders\Skinning.CS.hlsl">
      <Filter>Resources\shader</Filter>
    </FxCompile>
    <FxCompile Include="Engine\Graphics\Shaders\PostProcess\Glitch.PS.hlsl">
      <Filter>Resources\shader\PostEffect</Filter>
    </FxCompile>
  </ItemGroup>
  <ItemGroup>
    <None Include="Engine\Graphics\Shaders\Sprite\Sprite.hlsli">
      <Filter>Resources\shader\Sprite</Filter>
    </None>
  </ItemGroup>
</Project>